
Microsoft Visual Studio Solution File, Format Version 12.00
# Visual Studio Version 16
VisualStudioVersion = 16.0.31005.135
MinimumVisualStudioVersion = 10.0.40219.1
Project("{9A19103F-16F7-4668-BE54-9A1E7A4F7556}") = "SimpleTemplateRenderer.Console", "KGar.TemplateProjectGenerator\SimpleTemplateRenderer.Console.csproj", "{379A281D-8CB4-488B-A3E9-2C6E9FF9A2C6}"
EndProject
Project("{FAE04EC0-301F-11D3-BF4B-00C04F79EFBC}") = "SimpleTemplateRenderer.Core", "..\SimpleTemplateRenderer.Core\SimpleTemplateRenderer.Core.csproj", "{9B9E4A71-A78A-4802-A56A-E5AFC0D50885}"
EndProject
Global
	GlobalSection(SolutionConfigurationPlatforms) = preSolution
		Debug|Any CPU = Debug|Any CPU
		Release|Any CPU = Release|Any CPU
	EndGlobalSection
	GlobalSection(ProjectConfigurationPlatforms) = postSolution
		{379A281D-8CB4-488B-A3E9-2C6E9FF9A2C6}.Debug|Any CPU.ActiveCfg = Debug|Any CPU
		{379A281D-8CB4-488B-A3E9-2C6E9FF9A2C6}.Debug|Any CPU.Build.0 = Debug|Any CPU
		{379A281D-8CB4-488B-A3E9-2C6E9FF9A2C6}.Release|Any CPU.ActiveCfg = Release|Any CPU
		{379A281D-8CB4-488B-A3E9-2C6E9FF9A2C6}.Release|Any CPU.Build.0 = Release|Any CPU
		{9B9E4A71-A78A-4802-A56A-E5AFC0D50885}.Debug|Any CPU.ActiveCfg = Debug|Any CPU
		{9B9E4A71-A78A-4802-A56A-E5AFC0D50885}.Debug|Any CPU.Build.0 = Debug|Any CPU
		{9B9E4A71-A78A-4802-A56A-E5AFC0D50885}.Release|Any CPU.ActiveCfg = Release|Any CPU
		{9B9E4A71-A78A-4802-A56A-E5AFC0D50885}.Release|Any CPU.Build.0 = Release|Any CPU
	EndGlobalSection
	GlobalSection(SolutionProperties) = preSolution
		HideSolutionNode = FALSE
	EndGlobalSection
	GlobalSection(ExtensibilityGlobals) = postSolution
		SolutionGuid = {1BA0000E-9A17-4439-A672-0DF697994A55}
	EndGlobalSection
EndGlobal
